// !$*UTF8*$!
{
	archiveVersion = 1;
	classes = {
	};
	objectVersion = 56;
	objects = {

/* Begin PBXBuildFile section */
		CE9E6008291E505C00E075A1 /* AnimationDemoApp.swift in Sources */ = {isa = PBXBuildFile; fileRef = CE9E6007291E505C00E075A1 /* AnimationDemoApp.swift */; };
		CE9E600A291E505C00E075A1 /* ContentView.swift in Sources */ = {isa = PBXBuildFile; fileRef = CE9E6009291E505C00E075A1 /* ContentView.swift */; };
		CE9E600C291E505F00E075A1 /* Assets.xcassets in Resources */ = {isa = PBXBuildFile; fileRef = CE9E600B291E505F00E075A1 /* Assets.xcassets */; };
		CE9E600F291E505F00E075A1 /* Preview Assets.xcassets in Resources */ = {isa = PBXBuildFile; fileRef = CE9E600E291E505F00E075A1 /* Preview Assets.xcassets */; };
		CE9E6019291E505F00E075A1 /* AnimationDemoTests.swift in Sources */ = {isa = PBXBuildFile; fileRef = CE9E6018291E505F00E075A1 /* AnimationDemoTests.swift */; };
		CE9E6023291E505F00E075A1 /* AnimationDemoUITests.swift in Sources */ = {isa = PBXBuildFile; fileRef = CE9E6022291E505F00E075A1 /* AnimationDemoUITests.swift */; };
		CE9E6025291E505F00E075A1 /* AnimationDemoUITestsLaunchTests.swift in Sources */ = {isa = PBXBuildFile; fileRef = CE9E6024291E505F00E075A1 /* AnimationDemoUITestsLaunchTests.swift */; };
		CE9E6032291E550A00E075A1 /* AnimateColorView.swift in Sources */ = {isa = PBXBuildFile; fileRef = CE9E6031291E550A00E075A1 /* AnimateColorView.swift */; };
		CE9E6035291E56AC00E075A1 /* HueRotationView.swift in Sources */ = {isa = PBXBuildFile; fileRef = CE9E6034291E56AC00E075A1 /* HueRotationView.swift */; };
		CE9E6037291E589D00E075A1 /* AnimateGeometryReader.swift in Sources */ = {isa = PBXBuildFile; fileRef = CE9E6036291E589D00E075A1 /* AnimateGeometryReader.swift */; };
		CE9E6039291E598800E075A1 /* RotationAnimation.swift in Sources */ = {isa = PBXBuildFile; fileRef = CE9E6038291E598800E075A1 /* RotationAnimation.swift */; };
		CE9E603B291E5A7800E075A1 /* AnimateOpacity.swift in Sources */ = {isa = PBXBuildFile; fileRef = CE9E603A291E5A7800E075A1 /* AnimateOpacity.swift */; };
		CE9E603D291E5B5600E075A1 /* RotationAnchor.swift in Sources */ = {isa = PBXBuildFile; fileRef = CE9E603C291E5B5500E075A1 /* RotationAnchor.swift */; };
		CE9E603F291E5C3B00E075A1 /* AnimateFrame.swift in Sources */ = {isa = PBXBuildFile; fileRef = CE9E603E291E5C3B00E075A1 /* AnimateFrame.swift */; };
		CE9E6041291E5D0000E075A1 /* AnimateScaleAnchor.swift in Sources */ = {isa = PBXBuildFile; fileRef = CE9E6040291E5CFF00E075A1 /* AnimateScaleAnchor.swift */; };
		CE9E6043291E5EB600E075A1 /* AnimateText.swift in Sources */ = {isa = PBXBuildFile; fileRef = CE9E6042291E5EB600E075A1 /* AnimateText.swift */; };
		CE9E6045291E5FE300E075A1 /* AnimateCornerRadius.swift in Sources */ = {isa = PBXBuildFile; fileRef = CE9E6044291E5FE300E075A1 /* AnimateCornerRadius.swift */; };
		CE9E6047291E618E00E075A1 /* CircleProgressIndicator.swift in Sources */ = {isa = PBXBuildFile; fileRef = CE9E6046291E618D00E075A1 /* CircleProgressIndicator.swift */; };
		CE9E6049291E631200E075A1 /* AnimateGrid.swift in Sources */ = {isa = PBXBuildFile; fileRef = CE9E6048291E631200E075A1 /* AnimateGrid.swift */; };
		CE9E604D291E685000E075A1 /* Button_Fan_Out.swift in Sources */ = {isa = PBXBuildFile; fileRef = CE9E604C291E685000E075A1 /* Button_Fan_Out.swift */; };
		CE9E604F291E698500E075A1 /* SliderAnimation.swift in Sources */ = {isa = PBXBuildFile; fileRef = CE9E604E291E698500E075A1 /* SliderAnimation.swift */; };
		CE9E6051291E6A8700E075A1 /* SteppersAnimation.swift in Sources */ = {isa = PBXBuildFile; fileRef = CE9E6050291E6A8700E075A1 /* SteppersAnimation.swift */; };
		CE9E6053291E6BC400E075A1 /* ToggleAnimation.swift in Sources */ = {isa = PBXBuildFile; fileRef = CE9E6052291E6BC400E075A1 /* ToggleAnimation.swift */; };
		CE9E6055291E6D0100E075A1 /* OnAppearExample.swift in Sources */ = {isa = PBXBuildFile; fileRef = CE9E6054291E6D0100E075A1 /* OnAppearExample.swift */; };
		CE9E6058291E6E4D00E075A1 /* GestureDrag.swift in Sources */ = {isa = PBXBuildFile; fileRef = CE9E6057291E6E4D00E075A1 /* GestureDrag.swift */; };
		CE9E605A291E6FA600E075A1 /* GestureLongPress.swift in Sources */ = {isa = PBXBuildFile; fileRef = CE9E6059291E6FA600E075A1 /* GestureLongPress.swift */; };
		CE9E605C291E706300E075A1 /* GestureOnTap.swift in Sources */ = {isa = PBXBuildFile; fileRef = CE9E605B291E706300E075A1 /* GestureOnTap.swift */; };
		CE9E605E291E718200E075A1 /* GestureZoom.swift in Sources */ = {isa = PBXBuildFile; fileRef = CE9E605D291E718200E075A1 /* GestureZoom.swift */; };
		CE9E6061291E737900E075A1 /* DelayAnimation.swift in Sources */ = {isa = PBXBuildFile; fileRef = CE9E6060291E737900E075A1 /* DelayAnimation.swift */; };
		CE9E6063291E73FF00E075A1 /* SequenceDelay.swift in Sources */ = {isa = PBXBuildFile; fileRef = CE9E6062291E73FF00E075A1 /* SequenceDelay.swift */; };
		CE9E6065291E74AF00E075A1 /* RepeatingExample.swift in Sources */ = {isa = PBXBuildFile; fileRef = CE9E6064291E74AF00E075A1 /* RepeatingExample.swift */; };
		CE9E6067291E756400E075A1 /* RepeatNoAutoReverse.swift in Sources */ = {isa = PBXBuildFile; fileRef = CE9E6066291E756400E075A1 /* RepeatNoAutoReverse.swift */; };
		CE9E6069291E765100E075A1 /* CombinedMoveAndScale.swift in Sources */ = {isa = PBXBuildFile; fileRef = CE9E6068291E765100E075A1 /* CombinedMoveAndScale.swift */; };
/* End PBXBuildFile section */

/* Begin PBXContainerItemProxy section */
		CE9E6015291E505F00E075A1 /* PBXContainerItemProxy */ = {
			isa = PBXContainerItemProxy;
			containerPortal = CE9E5FFC291E505C00E075A1 /* Project object */;
			proxyType = 1;
			remoteGlobalIDString = CE9E6003291E505C00E075A1;
			remoteInfo = AnimationDemo;
		};
		CE9E601F291E505F00E075A1 /* PBXContainerItemProxy */ = {
			isa = PBXContainerItemProxy;
			containerPortal = CE9E5FFC291E505C00E075A1 /* Project object */;
			proxyType = 1;
			remoteGlobalIDString = CE9E6003291E505C00E075A1;
			remoteInfo = AnimationDemo;
		};
/* End PBXContainerItemProxy section */

/* Begin PBXFileReference section */
		CE9E6004291E505C00E075A1 /* AnimationDemo.app */ = {isa = PBXFileReference; explicitFileType = wrapper.application; includeInIndex = 0; path = AnimationDemo.app; sourceTree = BUILT_PRODUCTS_DIR; };
		CE9E6007291E505C00E075A1 /* AnimationDemoApp.swift */ = {isa = PBXFileReference; lastKnownFileType = sourcecode.swift; path = AnimationDemoApp.swift; sourceTree = "<group>"; };
		CE9E6009291E505C00E075A1 /* ContentView.swift */ = {isa = PBXFileReference; lastKnownFileType = sourcecode.swift; path = ContentView.swift; sourceTree = "<group>"; };
		CE9E600B291E505F00E075A1 /* Assets.xcassets */ = {isa = PBXFileReference; lastKnownFileType = folder.assetcatalog; path = Assets.xcassets; sourceTree = "<group>"; };
		CE9E600E291E505F00E075A1 /* Preview Assets.xcassets */ = {isa = PBXFileReference; lastKnownFileType = folder.assetcatalog; path = "Preview Assets.xcassets"; sourceTree = "<group>"; };
		CE9E6014291E505F00E075A1 /* AnimationDemoTests.xctest */ = {isa = PBXFileReference; explicitFileType = wrapper.cfbundle; includeInIndex = 0; path = AnimationDemoTests.xctest; sourceTree = BUILT_PRODUCTS_DIR; };
		CE9E6018291E505F00E075A1 /* AnimationDemoTests.swift */ = {isa = PBXFileReference; lastKnownFileType = sourcecode.swift; path = AnimationDemoTests.swift; sourceTree = "<group>"; };
		CE9E601E291E505F00E075A1 /* AnimationDemoUITests.xctest */ = {isa = PBXFileReference; explicitFileType = wrapper.cfbundle; includeInIndex = 0; path = AnimationDemoUITests.xctest; sourceTree = BUILT_PRODUCTS_DIR; };
		CE9E6022291E505F00E075A1 /* AnimationDemoUITests.swift */ = {isa = PBXFileReference; lastKnownFileType = sourcecode.swift; path = AnimationDemoUITests.swift; sourceTree = "<group>"; };
		CE9E6024291E505F00E075A1 /* AnimationDemoUITestsLaunchTests.swift */ = {isa = PBXFileReference; lastKnownFileType = sourcecode.swift; path = AnimationDemoUITestsLaunchTests.swift; sourceTree = "<group>"; };
		CE9E6031291E550A00E075A1 /* AnimateColorView.swift */ = {isa = PBXFileReference; lastKnownFileType = sourcecode.swift; path = AnimateColorView.swift; sourceTree = "<group>"; };
		CE9E6034291E56AC00E075A1 /* HueRotationView.swift */ = {isa = PBXFileReference; lastKnownFileType = sourcecode.swift; path = HueRotationView.swift; sourceTree = "<group>"; };
		CE9E6036291E589D00E075A1 /* AnimateGeometryReader.swift */ = {isa = PBXFileReference; lastKnownFileType = sourcecode.swift; path = AnimateGeometryReader.swift; sourceTree = "<group>"; };
		CE9E6038291E598800E075A1 /* RotationAnimation.swift */ = {isa = PBXFileReference; lastKnownFileType = sourcecode.swift; path = RotationAnimation.swift; sourceTree = "<group>"; };
		CE9E603A291E5A7800E075A1 /* AnimateOpacity.swift */ = {isa = PBXFileReference; lastKnownFileType = sourcecode.swift; path = AnimateOpacity.swift; sourceTree = "<group>"; };
		CE9E603C291E5B5500E075A1 /* RotationAnchor.swift */ = {isa = PBXFileReference; lastKnownFileType = sourcecode.swift; path = RotationAnchor.swift; sourceTree = "<group>"; };
		CE9E603E291E5C3B00E075A1 /* AnimateFrame.swift */ = {isa = PBXFileReference; lastKnownFileType = sourcecode.swift; path = AnimateFrame.swift; sourceTree = "<group>"; };
		CE9E6040291E5CFF00E075A1 /* AnimateScaleAnchor.swift */ = {isa = PBXFileReference; lastKnownFileType = sourcecode.swift; path = AnimateScaleAnchor.swift; sourceTree = "<group>"; };
		CE9E6042291E5EB600E075A1 /* AnimateText.swift */ = {isa = PBXFileReference; lastKnownFileType = sourcecode.swift; path = AnimateText.swift; sourceTree = "<group>"; };
		CE9E6044291E5FE300E075A1 /* AnimateCornerRadius.swift */ = {isa = PBXFileReference; lastKnownFileType = sourcecode.swift; path = AnimateCornerRadius.swift; sourceTree = "<group>"; };
		CE9E6046291E618D00E075A1 /* CircleProgressIndicator.swift */ = {isa = PBXFileReference; lastKnownFileType = sourcecode.swift; path = CircleProgressIndicator.swift; sourceTree = "<group>"; };
		CE9E6048291E631200E075A1 /* AnimateGrid.swift */ = {isa = PBXFileReference; lastKnownFileType = sourcecode.swift; path = AnimateGrid.swift; sourceTree = "<group>"; };
		CE9E604C291E685000E075A1 /* Button_Fan_Out.swift */ = {isa = PBXFileReference; lastKnownFileType = sourcecode.swift; path = Button_Fan_Out.swift; sourceTree = "<group>"; };
		CE9E604E291E698500E075A1 /* SliderAnimation.swift */ = {isa = PBXFileReference; lastKnownFileType = sourcecode.swift; path = SliderAnimation.swift; sourceTree = "<group>"; };
		CE9E6050291E6A8700E075A1 /* SteppersAnimation.swift */ = {isa = PBXFileReference; lastKnownFileType = sourcecode.swift; path = SteppersAnimation.swift; sourceTree = "<group>"; };
		CE9E6052291E6BC400E075A1 /* ToggleAnimation.swift */ = {isa = PBXFileReference; lastKnownFileType = sourcecode.swift; path = ToggleAnimation.swift; sourceTree = "<group>"; };
		CE9E6054291E6D0100E075A1 /* OnAppearExample.swift */ = {isa = PBXFileReference; lastKnownFileType = sourcecode.swift; path = OnAppearExample.swift; sourceTree = "<group>"; };
		CE9E6057291E6E4D00E075A1 /* GestureDrag.swift */ = {isa = PBXFileReference; lastKnownFileType = sourcecode.swift; path = GestureDrag.swift; sourceTree = "<group>"; };
		CE9E6059291E6FA600E075A1 /* GestureLongPress.swift */ = {isa = PBXFileReference; lastKnownFileType = sourcecode.swift; path = GestureLongPress.swift; sourceTree = "<group>"; };
		CE9E605B291E706300E075A1 /* GestureOnTap.swift */ = {isa = PBXFileReference; lastKnownFileType = sourcecode.swift; path = GestureOnTap.swift; sourceTree = "<group>"; };
		CE9E605D291E718200E075A1 /* GestureZoom.swift */ = {isa = PBXFileReference; lastKnownFileType = sourcecode.swift; path = GestureZoom.swift; sourceTree = "<group>"; };
		CE9E6060291E737900E075A1 /* DelayAnimation.swift */ = {isa = PBXFileReference; lastKnownFileType = sourcecode.swift; path = DelayAnimation.swift; sourceTree = "<group>"; };
		CE9E6062291E73FF00E075A1 /* SequenceDelay.swift */ = {isa = PBXFileReference; lastKnownFileType = sourcecode.swift; path = SequenceDelay.swift; sourceTree = "<group>"; };
		CE9E6064291E74AF00E075A1 /* RepeatingExample.swift */ = {isa = PBXFileReference; lastKnownFileType = sourcecode.swift; path = RepeatingExample.swift; sourceTree = "<group>"; };
		CE9E6066291E756400E075A1 /* RepeatNoAutoReverse.swift */ = {isa = PBXFileReference; lastKnownFileType = sourcecode.swift; path = RepeatNoAutoReverse.swift; sourceTree = "<group>"; };
		CE9E6068291E765100E075A1 /* CombinedMoveAndScale.swift */ = {isa = PBXFileReference; lastKnownFileType = sourcecode.swift; path = CombinedMoveAndScale.swift; sourceTree = "<group>"; };
/* End PBXFileReference section */

/* Begin PBXFrameworksBuildPhase section */
		CE9E6001291E505C00E075A1 /* Frameworks */ = {
			isa = PBXFrameworksBuildPhase;
			buildActionMask = 2147483647;
			files = (
			);
			runOnlyForDeploymentPostprocessing = 0;
		};
		CE9E6011291E505F00E075A1 /* Frameworks */ = {
			isa = PBXFrameworksBuildPhase;
			buildActionMask = 2147483647;
			files = (
			);
			runOnlyForDeploymentPostprocessing = 0;
		};
		CE9E601B291E505F00E075A1 /* Frameworks */ = {
			isa = PBXFrameworksBuildPhase;
			buildActionMask = 2147483647;
			files = (
			);
			runOnlyForDeploymentPostprocessing = 0;
		};
/* End PBXFrameworksBuildPhase section */

/* Begin PBXGroup section */
		CE9E5FFB291E505C00E075A1 = {
			isa = PBXGroup;
			children = (
				CE9E6006291E505C00E075A1 /* AnimationDemo */,
				CE9E6017291E505F00E075A1 /* AnimationDemoTests */,
				CE9E6021291E505F00E075A1 /* AnimationDemoUITests */,
				CE9E6005291E505C00E075A1 /* Products */,
			);
			sourceTree = "<group>";
		};
		CE9E6005291E505C00E075A1 /* Products */ = {
			isa = PBXGroup;
			children = (
				CE9E6004291E505C00E075A1 /* AnimationDemo.app */,
				CE9E6014291E505F00E075A1 /* AnimationDemoTests.xctest */,
				CE9E601E291E505F00E075A1 /* AnimationDemoUITests.xctest */,
			);
			name = Products;
			sourceTree = "<group>";
		};
		CE9E6006291E505C00E075A1 /* AnimationDemo */ = {
			isa = PBXGroup;
			children = (
				CE9E6007291E505C00E075A1 /* AnimationDemoApp.swift */,
				CE9E6033291E551400E075A1 /* Views */,
				CE9E600B291E505F00E075A1 /* Assets.xcassets */,
				CE9E600D291E505F00E075A1 /* Preview Content */,
			);
			path = AnimationDemo;
			sourceTree = "<group>";
		};
		CE9E600D291E505F00E075A1 /* Preview Content */ = {
			isa = PBXGroup;
			children = (
				CE9E600E291E505F00E075A1 /* Preview Assets.xcassets */,
			);
			path = "Preview Content";
			sourceTree = "<group>";
		};
		CE9E6017291E505F00E075A1 /* AnimationDemoTests */ = {
			isa = PBXGroup;
			children = (
				CE9E6018291E505F00E075A1 /* AnimationDemoTests.swift */,
			);
			path = AnimationDemoTests;
			sourceTree = "<group>";
		};
		CE9E6021291E505F00E075A1 /* AnimationDemoUITests */ = {
			isa = PBXGroup;
			children = (
				CE9E6022291E505F00E075A1 /* AnimationDemoUITests.swift */,
				CE9E6024291E505F00E075A1 /* AnimationDemoUITestsLaunchTests.swift */,
			);
			path = AnimationDemoUITests;
			sourceTree = "<group>";
		};
		CE9E6033291E551400E075A1 /* Views */ = {
			isa = PBXGroup;
			children = (
				CE9E605F291E735F00E075A1 /* DelayAnimation */,
				CE9E6056291E6DF100E075A1 /* Gestures */,
				CE9E604B291E681000E075A1 /* Controls */,
				CE9E604A291E680200E075A1 /* Animations */,
				CE9E6068291E765100E075A1 /* CombinedMoveAndScale.swift */,
			);
			path = Views;
			sourceTree = "<group>";
		};
		CE9E604A291E680200E075A1 /* Animations */ = {
			isa = PBXGroup;
			children = (
				CE9E6009291E505C00E075A1 /* ContentView.swift */,
				CE9E6031291E550A00E075A1 /* AnimateColorView.swift */,
				CE9E6034291E56AC00E075A1 /* HueRotationView.swift */,
				CE9E6036291E589D00E075A1 /* AnimateGeometryReader.swift */,
				CE9E6038291E598800E075A1 /* RotationAnimation.swift */,
				CE9E603C291E5B5500E075A1 /* RotationAnchor.swift */,
				CE9E603A291E5A7800E075A1 /* AnimateOpacity.swift */,
				CE9E603E291E5C3B00E075A1 /* AnimateFrame.swift */,
				CE9E6040291E5CFF00E075A1 /* AnimateScaleAnchor.swift */,
				CE9E6042291E5EB600E075A1 /* AnimateText.swift */,
				CE9E6044291E5FE300E075A1 /* AnimateCornerRadius.swift */,
				CE9E6046291E618D00E075A1 /* CircleProgressIndicator.swift */,
				CE9E6048291E631200E075A1 /* AnimateGrid.swift */,
			);
			path = Animations;
			sourceTree = "<group>";
		};
		CE9E604B291E681000E075A1 /* Controls */ = {
			isa = PBXGroup;
			children = (
				CE9E604C291E685000E075A1 /* Button_Fan_Out.swift */,
				CE9E604E291E698500E075A1 /* SliderAnimation.swift */,
				CE9E6050291E6A8700E075A1 /* SteppersAnimation.swift */,
				CE9E6052291E6BC400E075A1 /* ToggleAnimation.swift */,
				CE9E6054291E6D0100E075A1 /* OnAppearExample.swift */,
			);
			path = Controls;
			sourceTree = "<group>";
		};
		CE9E6056291E6DF100E075A1 /* Gestures */ = {
			isa = PBXGroup;
			children = (
				CE9E6057291E6E4D00E075A1 /* GestureDrag.swift */,
				CE9E6059291E6FA600E075A1 /* GestureLongPress.swift */,
				CE9E605B291E706300E075A1 /* GestureOnTap.swift */,
				CE9E605D291E718200E075A1 /* GestureZoom.swift */,
			);
			path = Gestures;
			sourceTree = "<group>";
		};
		CE9E605F291E735F00E075A1 /* DelayAnimation */ = {
			isa = PBXGroup;
			children = (
				CE9E6060291E737900E075A1 /* DelayAnimation.swift */,
				CE9E6062291E73FF00E075A1 /* SequenceDelay.swift */,
				CE9E6064291E74AF00E075A1 /* RepeatingExample.swift */,
				CE9E6066291E756400E075A1 /* RepeatNoAutoReverse.swift */,
			);
			path = DelayAnimation;
			sourceTree = "<group>";
		};
/* End PBXGroup section */

/* Begin PBXNativeTarget section */
		CE9E6003291E505C00E075A1 /* AnimationDemo */ = {
			isa = PBXNativeTarget;
			buildConfigurationList = CE9E6028291E505F00E075A1 /* Build configuration list for PBXNativeTarget "AnimationDemo" */;
			buildPhases = (
				CE9E6000291E505C00E075A1 /* Sources */,
				CE9E6001291E505C00E075A1 /* Frameworks */,
				CE9E6002291E505C00E075A1 /* Resources */,
			);
			buildRules = (
			);
			dependencies = (
			);
			name = AnimationDemo;
			productName = AnimationDemo;
			productReference = CE9E6004291E505C00E075A1 /* AnimationDemo.app */;
			productType = "com.apple.product-type.application";
		};
		CE9E6013291E505F00E075A1 /* AnimationDemoTests */ = {
			isa = PBXNativeTarget;
			buildConfigurationList = CE9E602B291E505F00E075A1 /* Build configuration list for PBXNativeTarget "AnimationDemoTests" */;
			buildPhases = (
				CE9E6010291E505F00E075A1 /* Sources */,
				CE9E6011291E505F00E075A1 /* Frameworks */,
				CE9E6012291E505F00E075A1 /* Resources */,
			);
			buildRules = (
			);
			dependencies = (
				CE9E6016291E505F00E075A1 /* PBXTargetDependency */,
			);
			name = AnimationDemoTests;
			productName = AnimationDemoTests;
			productReference = CE9E6014291E505F00E075A1 /* AnimationDemoTests.xctest */;
			productType = "com.apple.product-type.bundle.unit-test";
		};
		CE9E601D291E505F00E075A1 /* AnimationDemoUITests */ = {
			isa = PBXNativeTarget;
			buildConfigurationList = CE9E602E291E505F00E075A1 /* Build configuration list for PBXNativeTarget "AnimationDemoUITests" */;
			buildPhases = (
				CE9E601A291E505F00E075A1 /* Sources */,
				CE9E601B291E505F00E075A1 /* Frameworks */,
				CE9E601C291E505F00E075A1 /* Resources */,
			);
			buildRules = (
			);
			dependencies = (
				CE9E6020291E505F00E075A1 /* PBXTargetDependency */,
			);
			name = AnimationDemoUITests;
			productName = AnimationDemoUITests;
			productReference = CE9E601E291E505F00E075A1 /* AnimationDemoUITests.xctest */;
			productType = "com.apple.product-type.bundle.ui-testing";
		};
/* End PBXNativeTarget section */

/* Begin PBXProject section */
		CE9E5FFC291E505C00E075A1 /* Project object */ = {
			isa = PBXProject;
			attributes = {
				BuildIndependentTargetsInParallel = 1;
				LastSwiftUpdateCheck = 1410;
				LastUpgradeCheck = 1410;
				TargetAttributes = {
					CE9E6003291E505C00E075A1 = {
						CreatedOnToolsVersion = 14.1;
					};
					CE9E6013291E505F00E075A1 = {
						CreatedOnToolsVersion = 14.1;
						TestTargetID = CE9E6003291E505C00E075A1;
					};
					CE9E601D291E505F00E075A1 = {
						CreatedOnToolsVersion = 14.1;
						TestTargetID = CE9E6003291E505C00E075A1;
					};
				};
			};
			buildConfigurationList = CE9E5FFF291E505C00E075A1 /* Build configuration list for PBXProject "AnimationDemo" */;
			compatibilityVersion = "Xcode 14.0";
			developmentRegion = en;
			hasScannedForEncodings = 0;
			knownRegions = (
				en,
				Base,
			);
			mainGroup = CE9E5FFB291E505C00E075A1;
			productRefGroup = CE9E6005291E505C00E075A1 /* Products */;
			projectDirPath = "";
			projectRoot = "";
			targets = (
				CE9E6003291E505C00E075A1 /* AnimationDemo */,
				CE9E6013291E505F00E075A1 /* AnimationDemoTests */,
				CE9E601D291E505F00E075A1 /* AnimationDemoUITests */,
			);
		};
/* End PBXProject section */

/* Begin PBXResourcesBuildPhase section */
		CE9E6002291E505C00E075A1 /* Resources */ = {
			isa = PBXResourcesBuildPhase;
			buildActionMask = 2147483647;
			files = (
				CE9E600F291E505F00E075A1 /* Preview Assets.xcassets in Resources */,
				CE9E600C291E505F00E075A1 /* Assets.xcassets in Resources */,
			);
			runOnlyForDeploymentPostprocessing = 0;
		};
		CE9E6012291E505F00E075A1 /* Resources */ = {
			isa = PBXResourcesBuildPhase;
			buildActionMask = 2147483647;
			files = (
			);
			runOnlyForDeploymentPostprocessing = 0;
		};
		CE9E601C291E505F00E075A1 /* Resources */ = {
			isa = PBXResourcesBuildPhase;
			buildActionMask = 2147483647;
			files = (
			);
			runOnlyForDeploymentPostprocessing = 0;
		};
/* End PBXResourcesBuildPhase section */

/* Begin PBXSourcesBuildPhase section */
		CE9E6000291E505C00E075A1 /* Sources */ = {
			isa = PBXSourcesBuildPhase;
			buildActionMask = 2147483647;
			files = (
				CE9E6039291E598800E075A1 /* RotationAnimation.swift in Sources */,
				CE9E600A291E505C00E075A1 /* ContentView.swift in Sources */,
				CE9E6063291E73FF00E075A1 /* SequenceDelay.swift in Sources */,
				CE9E605A291E6FA600E075A1 /* GestureLongPress.swift in Sources */,
				CE9E6069291E765100E075A1 /* CombinedMoveAndScale.swift in Sources */,
				CE9E6053291E6BC400E075A1 /* ToggleAnimation.swift in Sources */,
				CE9E603D291E5B5600E075A1 /* RotationAnchor.swift in Sources */,
				CE9E605E291E718200E075A1 /* GestureZoom.swift in Sources */,
				CE9E604F291E698500E075A1 /* SliderAnimation.swift in Sources */,
				CE9E603F291E5C3B00E075A1 /* AnimateFrame.swift in Sources */,
				CE9E6055291E6D0100E075A1 /* OnAppearExample.swift in Sources */,
				CE9E603B291E5A7800E075A1 /* AnimateOpacity.swift in Sources */,
				CE9E6041291E5D0000E075A1 /* AnimateScaleAnchor.swift in Sources */,
				CE9E6035291E56AC00E075A1 /* HueRotationView.swift in Sources */,
				CE9E6043291E5EB600E075A1 /* AnimateText.swift in Sources */,
				CE9E6045291E5FE300E075A1 /* AnimateCornerRadius.swift in Sources */,
				CE9E6061291E737900E075A1 /* DelayAnimation.swift in Sources */,
				CE9E6047291E618E00E075A1 /* CircleProgressIndicator.swift in Sources */,
				CE9E6032291E550A00E075A1 /* AnimateColorView.swift in Sources */,
				CE9E6065291E74AF00E075A1 /* RepeatingExample.swift in Sources */,
				CE9E6067291E756400E075A1 /* RepeatNoAutoReverse.swift in Sources */,
				CE9E6049291E631200E075A1 /* AnimateGrid.swift in Sources */,
				CE9E6037291E589D00E075A1 /* AnimateGeometryReader.swift in Sources */,
				CE9E604D291E685000E075A1 /* Button_Fan_Out.swift in Sources */,
				CE9E6058291E6E4D00E075A1 /* GestureDrag.swift in Sources */,
				CE9E6051291E6A8700E075A1 /* SteppersAnimation.swift in Sources */,
				CE9E605C291E706300E075A1 /* GestureOnTap.swift in Sources */,
				CE9E6008291E505C00E075A1 /* AnimationDemoApp.swift in Sources */,
			);
			runOnlyForDeploymentPostprocessing = 0;
		};
		CE9E6010291E505F00E075A1 /* Sources */ = {
			isa = PBXSourcesBuildPhase;
			buildActionMask = 2147483647;
			files = (
				CE9E6019291E505F00E075A1 /* AnimationDemoTests.swift in Sources */,
			);
			runOnlyForDeploymentPostprocessing = 0;
		};
		CE9E601A291E505F00E075A1 /* Sources */ = {
			isa = PBXSourcesBuildPhase;
			buildActionMask = 2147483647;
			files = (
				CE9E6025291E505F00E075A1 /* AnimationDemoUITestsLaunchTests.swift in Sources */,
				CE9E6023291E505F00E075A1 /* AnimationDemoUITests.swift in Sources */,
			);
			runOnlyForDeploymentPostprocessing = 0;
		};
/* End PBXSourcesBuildPhase section */

/* Begin PBXTargetDependency section */
		CE9E6016291E505F00E075A1 /* PBXTargetDependency */ = {
			isa = PBXTargetDependency;
			target = CE9E6003291E505C00E075A1 /* AnimationDemo */;
			targetProxy = CE9E6015291E505F00E075A1 /* PBXContainerItemProxy */;
		};
		CE9E6020291E505F00E075A1 /* PBXTargetDependency */ = {
			isa = PBXTargetDependency;
			target = CE9E6003291E505C00E075A1 /* AnimationDemo */;
			targetProxy = CE9E601F291E505F00E075A1 /* PBXContainerItemProxy */;
		};
/* End PBXTargetDependency section */

/* Begin XCBuildConfiguration section */
		CE9E6026291E505F00E075A1 /* Debug */ = {
			isa = XCBuildConfiguration;
			buildSettings = {
				ALWAYS_SEARCH_USER_PATHS = NO;
				CLANG_ANALYZER_NONNULL = YES;
				CLANG_ANALYZER_NUMBER_OBJECT_CONVERSION = YES_AGGRESSIVE;
				CLANG_CXX_LANGUAGE_STANDARD = "gnu++20";
				CLANG_ENABLE_MODULES = YES;
				CLANG_ENABLE_OBJC_ARC = YES;
				CLANG_ENABLE_OBJC_WEAK = YES;
				CLANG_WARN_BLOCK_CAPTURE_AUTORELEASING = YES;
				CLANG_WARN_BOOL_CONVERSION = YES;
				CLANG_WARN_COMMA = YES;
				CLANG_WARN_CONSTANT_CONVERSION = YES;
				CLANG_WARN_DEPRECATED_OBJC_IMPLEMENTATIONS = YES;
				CLANG_WARN_DIRECT_OBJC_ISA_USAGE = YES_ERROR;
				CLANG_WARN_DOCUMENTATION_COMMENTS = YES;
				CLANG_WARN_EMPTY_BODY = YES;
				CLANG_WARN_ENUM_CONVERSION = YES;
				CLANG_WARN_INFINITE_RECURSION = YES;
				CLANG_WARN_INT_CONVERSION = YES;
				CLANG_WARN_NON_LITERAL_NULL_CONVERSION = YES;
				CLANG_WARN_OBJC_IMPLICIT_RETAIN_SELF = YES;
				CLANG_WARN_OBJC_LITERAL_CONVERSION = YES;
				CLANG_WARN_OBJC_ROOT_CLASS = YES_ERROR;
				CLANG_WARN_QUOTED_INCLUDE_IN_FRAMEWORK_HEADER = YES;
				CLANG_WARN_RANGE_LOOP_ANALYSIS = YES;
				CLANG_WARN_STRICT_PROTOTYPES = YES;
				CLANG_WARN_SUSPICIOUS_MOVE = YES;
				CLANG_WARN_UNGUARDED_AVAILABILITY = YES_AGGRESSIVE;
				CLANG_WARN_UNREACHABLE_CODE = YES;
				CLANG_WARN__DUPLICATE_METHOD_MATCH = YES;
				COPY_PHASE_STRIP = NO;
				DEBUG_INFORMATION_FORMAT = dwarf;
				ENABLE_STRICT_OBJC_MSGSEND = YES;
				ENABLE_TESTABILITY = YES;
				GCC_C_LANGUAGE_STANDARD = gnu11;
				GCC_DYNAMIC_NO_PIC = NO;
				GCC_NO_COMMON_BLOCKS = YES;
				GCC_OPTIMIZATION_LEVEL = 0;
				GCC_PREPROCESSOR_DEFINITIONS = (
					"DEBUG=1",
					"$(inherited)",
				);
				GCC_WARN_64_TO_32_BIT_CONVERSION = YES;
				GCC_WARN_ABOUT_RETURN_TYPE = YES_ERROR;
				GCC_WARN_UNDECLARED_SELECTOR = YES;
				GCC_WARN_UNINITIALIZED_AUTOS = YES_AGGRESSIVE;
				GCC_WARN_UNUSED_FUNCTION = YES;
				GCC_WARN_UNUSED_VARIABLE = YES;
				IPHONEOS_DEPLOYMENT_TARGET = 16.1;
				MTL_ENABLE_DEBUG_INFO = INCLUDE_SOURCE;
				MTL_FAST_MATH = YES;
				ONLY_ACTIVE_ARCH = YES;
				SDKROOT = iphoneos;
				SWIFT_ACTIVE_COMPILATION_CONDITIONS = DEBUG;
				SWIFT_OPTIMIZATION_LEVEL = "-Onone";
			};
			name = Debug;
		};
		CE9E6027291E505F00E075A1 /* Release */ = {
			isa = XCBuildConfiguration;
			buildSettings = {
				ALWAYS_SEARCH_USER_PATHS = NO;
				CLANG_ANALYZER_NONNULL = YES;
				CLANG_ANALYZER_NUMBER_OBJECT_CONVERSION = YES_AGGRESSIVE;
				CLANG_CXX_LANGUAGE_STANDARD = "gnu++20";
				CLANG_ENABLE_MODULES = YES;
				CLANG_ENABLE_OBJC_ARC = YES;
				CLANG_ENABLE_OBJC_WEAK = YES;
				CLANG_WARN_BLOCK_CAPTURE_AUTORELEASING = YES;
				CLANG_WARN_BOOL_CONVERSION = YES;
				CLANG_WARN_COMMA = YES;
				CLANG_WARN_CONSTANT_CONVERSION = YES;
				CLANG_WARN_DEPRECATED_OBJC_IMPLEMENTATIONS = YES;
				CLANG_WARN_DIRECT_OBJC_ISA_USAGE = YES_ERROR;
				CLANG_WARN_DOCUMENTATION_COMMENTS = YES;
				CLANG_WARN_EMPTY_BODY = YES;
				CLANG_WARN_ENUM_CONVERSION = YES;
				CLANG_WARN_INFINITE_RECURSION = YES;
				CLANG_WARN_INT_CONVERSION = YES;
				CLANG_WARN_NON_LITERAL_NULL_CONVERSION = YES;
				CLANG_WARN_OBJC_IMPLICIT_RETAIN_SELF = YES;
				CLANG_WARN_OBJC_LITERAL_CONVERSION = YES;
				CLANG_WARN_OBJC_ROOT_CLASS = YES_ERROR;
				CLANG_WARN_QUOTED_INCLUDE_IN_FRAMEWORK_HEADER = YES;
				CLANG_WARN_RANGE_LOOP_ANALYSIS = YES;
				CLANG_WARN_STRICT_PROTOTYPES = YES;
				CLANG_WARN_SUSPICIOUS_MOVE = YES;
				CLANG_WARN_UNGUARDED_AVAILABILITY = YES_AGGRESSIVE;
				CLANG_WARN_UNREACHABLE_CODE = YES;
				CLANG_WARN__DUPLICATE_METHOD_MATCH = YES;
				COPY_PHASE_STRIP = NO;
				DEBUG_INFORMATION_FORMAT = "dwarf-with-dsym";
				ENABLE_NS_ASSERTIONS = NO;
				ENABLE_STRICT_OBJC_MSGSEND = YES;
				GCC_C_LANGUAGE_STANDARD = gnu11;
				GCC_NO_COMMON_BLOCKS = YES;
				GCC_WARN_64_TO_32_BIT_CONVERSION = YES;
				GCC_WARN_ABOUT_RETURN_TYPE = YES_ERROR;
				GCC_WARN_UNDECLARED_SELECTOR = YES;
				GCC_WARN_UNINITIALIZED_AUTOS = YES_AGGRESSIVE;
				GCC_WARN_UNUSED_FUNCTION = YES;
				GCC_WARN_UNUSED_VARIABLE = YES;
				IPHONEOS_DEPLOYMENT_TARGET = 16.1;
				MTL_ENABLE_DEBUG_INFO = NO;
				MTL_FAST_MATH = YES;
				SDKROOT = iphoneos;
				SWIFT_COMPILATION_MODE = wholemodule;
				SWIFT_OPTIMIZATION_LEVEL = "-O";
				VALIDATE_PRODUCT = YES;
			};
			name = Release;
		};
		CE9E6029291E505F00E075A1 /* Debug */ = {
			isa = XCBuildConfiguration;
			buildSettings = {
				ASSETCATALOG_COMPILER_APPICON_NAME = AppIcon;
				ASSETCATALOG_COMPILER_GLOBAL_ACCENT_COLOR_NAME = AccentColor;
				CODE_SIGN_STYLE = Automatic;
				CURRENT_PROJECT_VERSION = 1;
				DEVELOPMENT_ASSET_PATHS = "\"AnimationDemo/Preview Content\"";
				DEVELOPMENT_TEAM = 2D7L2MM5V3;
				ENABLE_PREVIEWS = YES;
				GENERATE_INFOPLIST_FILE = YES;
				INFOPLIST_KEY_UIApplicationSceneManifest_Generation = YES;
				INFOPLIST_KEY_UIApplicationSupportsIndirectInputEvents = YES;
				INFOPLIST_KEY_UILaunchScreen_Generation = YES;
				INFOPLIST_KEY_UISupportedInterfaceOrientations_iPad = "UIInterfaceOrientationPortrait UIInterfaceOrientationPortraitUpsideDown UIInterfaceOrientationLandscapeLeft UIInterfaceOrientationLandscapeRight";
				INFOPLIST_KEY_UISupportedInterfaceOrientations_iPhone = "UIInterfaceOrientationPortrait UIInterfaceOrientationLandscapeLeft UIInterfaceOrientationLandscapeRight";
				LD_RUNPATH_SEARCH_PATHS = (
					"$(inherited)",
					"@executable_path/Frameworks",
				);
				MARKETING_VERSION = 1.0;
				PRODUCT_BUNDLE_IDENTIFIER = com.melvin.AnimationDemo;
				PRODUCT_NAME = "$(TARGET_NAME)";
				SWIFT_EMIT_LOC_STRINGS = YES;
				SWIFT_VERSION = 5.0;
				TARGETED_DEVICE_FAMILY = "1,2";
			};
			name = Debug;
		};
		CE9E602A291E505F00E075A1 /* Release */ = {
			isa = XCBuildConfiguration;
			buildSettings = {
				ASSETCATALOG_COMPILER_APPICON_NAME = AppIcon;
				ASSETCATALOG_COMPILER_GLOBAL_ACCENT_COLOR_NAME = AccentColor;
				CODE_SIGN_STYLE = Automatic;
				CURRENT_PROJECT_VERSION = 1;
				DEVELOPMENT_ASSET_PATHS = "\"AnimationDemo/Preview Content\"";
				DEVELOPMENT_TEAM = 2D7L2MM5V3;
				ENABLE_PREVIEWS = YES;
				GENERATE_INFOPLIST_FILE = YES;
				INFOPLIST_KEY_UIApplicationSceneManifest_Generation = YES;
				INFOPLIST_KEY_UIApplicationSupportsIndirectInputEvents = YES;
				INFOPLIST_KEY_UILaunchScreen_Generation = YES;
				INFOPLIST_KEY_UISupportedInterfaceOrientations_iPad = "UIInterfaceOrientationPortrait UIInterfaceOrientationPortraitUpsideDown UIInterfaceOrientationLandscapeLeft UIInterfaceOrientationLandscapeRight";
				INFOPLIST_KEY_UISupportedInterfaceOrientations_iPhone = "UIInterfaceOrientationPortrait UIInterfaceOrientationLandscapeLeft UIInterfaceOrientationLandscapeRight";
				LD_RUNPATH_SEARCH_PATHS = (
					"$(inherited)",
					"@executable_path/Frameworks",
				);
				MARKETING_VERSION = 1.0;
				PRODUCT_BUNDLE_IDENTIFIER = com.melvin.AnimationDemo;
				PRODUCT_NAME = "$(TARGET_NAME)";
				SWIFT_EMIT_LOC_STRINGS = YES;
				SWIFT_VERSION = 5.0;
				TARGETED_DEVICE_FAMILY = "1,2";
			};
			name = Release;
		};
		CE9E602C291E505F00E075A1 /* Debug */ = {
			isa = XCBuildConfiguration;
			buildSettings = {
				ALWAYS_EMBED_SWIFT_STANDARD_LIBRARIES = YES;
				BUNDLE_LOADER = "$(TEST_HOST)";
				CODE_SIGN_STYLE = Automatic;
				CURRENT_PROJECT_VERSION = 1;
				DEVELOPMENT_TEAM = 2D7L2MM5V3;
				GENERATE_INFOPLIST_FILE = YES;
				IPHONEOS_DEPLOYMENT_TARGET = 16.1;
				MARKETING_VERSION = 1.0;
				PRODUCT_BUNDLE_IDENTIFIER = com.melvin.AnimationDemoTests;
				PRODUCT_NAME = "$(TARGET_NAME)";
				SWIFT_EMIT_LOC_STRINGS = NO;
				SWIFT_VERSION = 5.0;
				TARGETED_DEVICE_FAMILY = "1,2";
				TEST_HOST = "$(BUILT_PRODUCTS_DIR)/AnimationDemo.app/$(BUNDLE_EXECUTABLE_FOLDER_PATH)/AnimationDemo";
			};
			name = Debug;
		};
		CE9E602D291E505F00E075A1 /* Release */ = {
			isa = XCBuildConfiguration;
			buildSettings = {
				ALWAYS_EMBED_SWIFT_STANDARD_LIBRARIES = YES;
				BUNDLE_LOADER = "$(TEST_HOST)";
				CODE_SIGN_STYLE = Automatic;
				CURRENT_PROJECT_VERSION = 1;
				DEVELOPMENT_TEAM = 2D7L2MM5V3;
				GENERATE_INFOPLIST_FILE = YES;
				IPHONEOS_DEPLOYMENT_TARGET = 16.1;
				MARKETING_VERSION = 1.0;
				PRODUCT_BUNDLE_IDENTIFIER = com.melvin.AnimationDemoTests;
				PRODUCT_NAME = "$(TARGET_NAME)";
				SWIFT_EMIT_LOC_STRINGS = NO;
				SWIFT_VERSION = 5.0;
				TARGETED_DEVICE_FAMILY = "1,2";
				TEST_HOST = "$(BUILT_PRODUCTS_DIR)/AnimationDemo.app/$(BUNDLE_EXECUTABLE_FOLDER_PATH)/AnimationDemo";
			};
			name = Release;
		};
		CE9E602F291E505F00E075A1 /* Debug */ = {
			isa = XCBuildConfiguration;
			buildSettings = {
				ALWAYS_EMBED_SWIFT_STANDARD_LIBRARIES = YES;
				CODE_SIGN_STYLE = Automatic;
				CURRENT_PROJECT_VERSION = 1;
				DEVELOPMENT_TEAM = 2D7L2MM5V3;
				GENERATE_INFOPLIST_FILE = YES;
				MARKETING_VERSION = 1.0;
				PRODUCT_BUNDLE_IDENTIFIER = com.melvin.AnimationDemoUITests;
				PRODUCT_NAME = "$(TARGET_NAME)";
				SWIFT_EMIT_LOC_STRINGS = NO;
				SWIFT_VERSION = 5.0;
				TARGETED_DEVICE_FAMILY = "1,2";
				TEST_TARGET_NAME = AnimationDemo;
			};
			name = Debug;
		};
		CE9E6030291E505F00E075A1 /* Release */ = {
			isa = XCBuildConfiguration;
			buildSettings = {
				ALWAYS_EMBED_SWIFT_STANDARD_LIBRARIES = YES;
				CODE_SIGN_STYLE = Automatic;
				CURRENT_PROJECT_VERSION = 1;
				DEVELOPMENT_TEAM = 2D7L2MM5V3;
				GENERATE_INFOPLIST_FILE = YES;
				MARKETING_VERSION = 1.0;
				PRODUCT_BUNDLE_IDENTIFIER = com.melvin.AnimationDemoUITests;
				PRODUCT_NAME = "$(TARGET_NAME)";
				SWIFT_EMIT_LOC_STRINGS = NO;
				SWIFT_VERSION = 5.0;
				TARGETED_DEVICE_FAMILY = "1,2";
				TEST_TARGET_NAME = AnimationDemo;
			};
			name = Release;
		};
/* End XCBuildConfiguration section */

/* Begin XCConfigurationList section */
		CE9E5FFF291E505C00E075A1 /* Build configuration list for PBXProject "AnimationDemo" */ = {
			isa = XCConfigurationList;
			buildConfigurations = (
				CE9E6026291E505F00E075A1 /* Debug */,
				CE9E6027291E505F00E075A1 /* Release */,
			);
			defaultConfigurationIsVisible = 0;
			defaultConfigurationName = Release;
		};
		CE9E6028291E505F00E075A1 /* Build configuration list for PBXNativeTarget "AnimationDemo" */ = {
			isa = XCConfigurationList;
			buildConfigurations = (
				CE9E6029291E505F00E075A1 /* Debug */,
				CE9E602A291E505F00E075A1 /* Release */,
			);
			defaultConfigurationIsVisible = 0;
			defaultConfigurationName = Release;
		};
		CE9E602B291E505F00E075A1 /* Build configuration list for PBXNativeTarget "AnimationDemoTests" */ = {
			isa = XCConfigurationList;
			buildConfigurations = (
				CE9E602C291E505F00E075A1 /* Debug */,
				CE9E602D291E505F00E075A1 /* Release */,
			);
			defaultConfigurationIsVisible = 0;
			defaultConfigurationName = Release;
		};
		CE9E602E291E505F00E075A1 /* Build configuration list for PBXNativeTarget "AnimationDemoUITests" */ = {
			isa = XCConfigurationList;
			buildConfigurations = (
				CE9E602F291E505F00E075A1 /* Debug */,
				CE9E6030291E505F00E075A1 /* Release */,
			);
			defaultConfigurationIsVisible = 0;
			defaultConfigurationName = Release;
		};
/* End XCConfigurationList section */
	};
	rootObject = CE9E5FFC291E505C00E075A1 /* Project object */;
}
